
Microsoft Visual Studio Solution File, Format Version 12.00
# Visual Studio 2012
Project("{FAE04EC0-301F-11D3-BF4B-00C04F79EFBC}") = "ESRI.ArcGIS.Client.Toolkit", "ESRI.ArcGIS.Client.Toolkit\ESRI.ArcGIS.Client.Toolkit.csproj", "{B01EF0E0-7595-43A4-8DD1-C3F7F0170F4F}"
EndProject
Project("{FAE04EC0-301F-11D3-BF4B-00C04F79EFBC}") = "ESRI.ArcGIS.Client.Toolkit.DataSources", "ESRI.ArcGIS.Client.Toolkit.DataSources\ESRI.ArcGIS.Client.Toolkit.DataSources.csproj", "{E4D25DB4-8388-42B2-AFBB-797AE9323535}"
EndProject
Global
	GlobalSection(SolutionConfigurationPlatforms) = preSolution
		Debug|Any CPU = Debug|Any CPU
		Release|Any CPU = Release|Any CPU
	EndGlobalSection
	GlobalSection(ProjectConfigurationPlatforms) = postSolution
		{B01EF0E0-7595-43A4-8DD1-C3F7F0170F4F}.Debug|Any CPU.ActiveCfg = Debug|Any CPU
		{B01EF0E0-7595-43A4-8DD1-C3F7F0170F4F}.Debug|Any CPU.Build.0 = Debug|Any CPU
		{B01EF0E0-7595-43A4-8DD1-C3F7F0170F4F}.Release|Any CPU.ActiveCfg = Release|Any CPU
		{B01EF0E0-7595-43A4-8DD1-C3F7F0170F4F}.Release|Any CPU.Build.0 = Release|Any CPU
		{E4D25DB4-8388-42B2-AFBB-797AE9323535}.Debug|Any CPU.ActiveCfg = Debug|Any CPU
		{E4D25DB4-8388-42B2-AFBB-797AE9323535}.Debug|Any CPU.Build.0 = Debug|Any CPU
		{E4D25DB4-8388-42B2-AFBB-797AE9323535}.Release|Any CPU.ActiveCfg = Release|Any CPU
		{E4D25DB4-8388-42B2-AFBB-797AE9323535}.Release|Any CPU.Build.0 = Release|Any CPU
	EndGlobalSection
	GlobalSection(SolutionProperties) = preSolution
		HideSolutionNode = FALSE
	EndGlobalSection
EndGlobal
