
Microsoft Visual Studio Solution File, Format Version 11.00
# Visual Studio 2010
Project("{FAE04EC0-301F-11D3-BF4B-00C04F79EFBC}") = "ESRI.ArcGIS.Client.Toolkit", "ESRI.ArcGIS.Client.Toolkit\ESRI.ArcGIS.Client.Toolkit.csproj", "{8168DB65-EF5F-428C-A767-8475C9A37F72}"
EndProject
Project("{FAE04EC0-301F-11D3-BF4B-00C04F79EFBC}") = "ESRI.ArcGIS.Client.Toolkit.DataSources", "ESRI.ArcGIS.Client.Toolkit.DataSources\ESRI.ArcGIS.Client.Toolkit.DataSources.csproj", "{14C9566F-4FA2-4417-9EAA-D97B1A72DC78}"
EndProject
Global
	GlobalSection(SolutionConfigurationPlatforms) = preSolution
		Debug|Any CPU = Debug|Any CPU
		Release|Any CPU = Release|Any CPU
	EndGlobalSection
	GlobalSection(ProjectConfigurationPlatforms) = postSolution
		{8168DB65-EF5F-428C-A767-8475C9A37F72}.Debug|Any CPU.ActiveCfg = Debug|Any CPU
		{8168DB65-EF5F-428C-A767-8475C9A37F72}.Debug|Any CPU.Build.0 = Debug|Any CPU
		{8168DB65-EF5F-428C-A767-8475C9A37F72}.Release|Any CPU.ActiveCfg = Release|Any CPU
		{8168DB65-EF5F-428C-A767-8475C9A37F72}.Release|Any CPU.Build.0 = Release|Any CPU
		{14C9566F-4FA2-4417-9EAA-D97B1A72DC78}.Debug|Any CPU.ActiveCfg = Debug|Any CPU
		{14C9566F-4FA2-4417-9EAA-D97B1A72DC78}.Debug|Any CPU.Build.0 = Debug|Any CPU
		{14C9566F-4FA2-4417-9EAA-D97B1A72DC78}.Release|Any CPU.ActiveCfg = Release|Any CPU
		{14C9566F-4FA2-4417-9EAA-D97B1A72DC78}.Release|Any CPU.Build.0 = Release|Any CPU
	EndGlobalSection
	GlobalSection(SolutionProperties) = preSolution
		HideSolutionNode = FALSE
	EndGlobalSection
EndGlobal
